
Microsoft Visual Studio Solution File, Format Version 12.00
# Visual Studio Version 17
VisualStudioVersion = 17.9.34723.18
MinimumVisualStudioVersion = 10.0.40219.1
Project("{FAE04EC0-301F-11D3-BF4B-00C04F79EFBC}") = "Movies", "Movies\Movies.csproj", "{5932641D-1C04-47AD-8C41-3E235923EC50}"
EndProject
Global
	GlobalSection(SolutionConfigurationPlatforms) = preSolution
		Debug|Any CPU = Debug|Any CPU
		Release|Any CPU = Release|Any CPU
	EndGlobalSection
	GlobalSection(ProjectConfigurationPlatforms) = postSolution
		{5932641D-1C04-47AD-8C41-3E235923EC50}.Debug|Any CPU.ActiveCfg = Debug|Any CPU
		{5932641D-1C04-47AD-8C41-3E235923EC50}.Debug|Any CPU.Build.0 = Debug|Any CPU
		{5932641D-1C04-47AD-8C41-3E235923EC50}.Release|Any CPU.ActiveCfg = Release|Any CPU
		{5932641D-1C04-47AD-8C41-3E235923EC50}.Release|Any CPU.Build.0 = Release|Any CPU
	EndGlobalSection
	GlobalSection(SolutionProperties) = preSolution
		HideSolutionNode = FALSE
	EndGlobalSection
	GlobalSection(ExtensibilityGlobals) = postSolution
		SolutionGuid = {1E691ED5-7846-47A2-A499-0804AA3C3FA0}
	EndGlobalSection
EndGlobal
